
Microsoft Visual Studio Solution File, Format Version 12.00
# Visual Studio Version 17
VisualStudioVersion = 17.7.34202.233
MinimumVisualStudioVersion = 10.0.40219.1
Project("{8BC9CEB8-8B4A-11D0-8D11-00A0C91BC942}") = "SimplexMethod", "SimplexMethod\SimplexMethod.vcxproj", "{DB55DB7E-CF2B-4A66-80E2-41DF0F9F7AA9}"
EndProject
Global
	GlobalSection(SolutionConfigurationPlatforms) = preSolution
		Debug|x64 = Debug|x64
		Debug|x86 = Debug|x86
		Release|x64 = Release|x64
		Release|x86 = Release|x86
	EndGlobalSection
	GlobalSection(ProjectConfigurationPlatforms) = postSolution
		{DB55DB7E-CF2B-4A66-80E2-41DF0F9F7AA9}.Debug|x64.ActiveCfg = Debug|x64
		{DB55DB7E-CF2B-4A66-80E2-41DF0F9F7AA9}.Debug|x64.Build.0 = Debug|x64
		{DB55DB7E-CF2B-4A66-80E2-41DF0F9F7AA9}.Debug|x86.ActiveCfg = Debug|Win32
		{DB55DB7E-CF2B-4A66-80E2-41DF0F9F7AA9}.Debug|x86.Build.0 = Debug|Win32
		{DB55DB7E-CF2B-4A66-80E2-41DF0F9F7AA9}.Release|x64.ActiveCfg = Release|x64
		{DB55DB7E-CF2B-4A66-80E2-41DF0F9F7AA9}.Release|x64.Build.0 = Release|x64
		{DB55DB7E-CF2B-4A66-80E2-41DF0F9F7AA9}.Release|x86.ActiveCfg = Release|Win32
		{DB55DB7E-CF2B-4A66-80E2-41DF0F9F7AA9}.Release|x86.Build.0 = Release|Win32
	EndGlobalSection
	GlobalSection(SolutionProperties) = preSolution
		HideSolutionNode = FALSE
	EndGlobalSection
	GlobalSection(ExtensibilityGlobals) = postSolution
		SolutionGuid = {828ED325-1439-4821-B870-BC2025CE6755}
	EndGlobalSection
EndGlobal
